// !$*UTF8*$!
{
	archiveVersion = 1;
	classes = {
	};
	objectVersion = 46;
	objects = {

/* Begin PBXBuildFile section */
		A50122BA1D0FDFC10012E761 /* main.m in Sources */ = {isa = PBXBuildFile; fileRef = A50122B91D0FDFC10012E761 /* main.m */; };
		A50122C21D0FDFD80012E761 /* Parser.m in Sources */ = {isa = PBXBuildFile; fileRef = A50122C11D0FDFD80012E761 /* Parser.m */; };
		A50122DE1D0FF0890012E761 /* strings.json in Resources */ = {isa = PBXBuildFile; fileRef = A50122DB1D0FEEBD0012E761 /* strings.json */; };
		A50122DF1D0FF08C0012E761 /* scene_names.txt in Resources */ = {isa = PBXBuildFile; fileRef = A50122D51D0FEE1B0012E761 /* scene_names.txt */; };
		A50122E21D0FF10D0012E761 /* string.json in Resources */ = {isa = PBXBuildFile; fileRef = A50122E01D0FF0FE0012E761 /* string.json */; };
/* End PBXBuildFile section */

/* Begin PBXCopyFilesBuildPhase section */
		A50122B41D0FDFC10012E761 /* CopyFiles */ = {
			isa = PBXCopyFilesBuildPhase;
			buildActionMask = 8;
			dstPath = usr/share/man/man1;
			dstSubfolderSpec = 16;
			files = (
			);
			runOnlyForDeploymentPostprocessing = 1;
		};
/* End PBXCopyFilesBuildPhase section */

/* Begin PBXFileReference section */
		A50122B61D0FDFC10012E761 /* LocalizationParser */ = {isa = PBXFileReference; explicitFileType = "compiled.mach-o.executable"; includeInIndex = 0; path = LocalizationParser; sourceTree = BUILT_PRODUCTS_DIR; };
		A50122B91D0FDFC10012E761 /* main.m */ = {isa = PBXFileReference; lastKnownFileType = sourcecode.c.objc; path = main.m; sourceTree = "<group>"; };
		A50122C01D0FDFD80012E761 /* Parser.h */ = {isa = PBXFileReference; fileEncoding = 4; lastKnownFileType = sourcecode.c.h; path = Parser.h; sourceTree = "<group>"; };
		A50122C11D0FDFD80012E761 /* Parser.m */ = {isa = PBXFileReference; fileEncoding = 4; lastKnownFileType = sourcecode.c.objc; path = Parser.m; sourceTree = "<group>"; };
		A50122D51D0FEE1B0012E761 /* scene_names.txt */ = {isa = PBXFileReference; fileEncoding = 4; lastKnownFileType = text; path = scene_names.txt; sourceTree = "<group>"; };
		A50122DB1D0FEEBD0012E761 /* strings.json */ = {isa = PBXFileReference; fileEncoding = 4; lastKnownFileType = text.json; path = strings.json; sourceTree = "<group>"; };
		A50122E01D0FF0FE0012E761 /* string.json */ = {isa = PBXFileReference; fileEncoding = 4; lastKnownFileType = text.json; path = string.json; sourceTree = "<group>"; };
/* End PBXFileReference section */

/* Begin PBXFrameworksBuildPhase section */
		A50122B31D0FDFC10012E761 /* Frameworks */ = {
			isa = PBXFrameworksBuildPhase;
			buildActionMask = 2147483647;
			files = (
			);
			runOnlyForDeploymentPostprocessing = 0;
		};
/* End PBXFrameworksBuildPhase section */

/* Begin PBXGroup section */
		A50122AD1D0FDFC10012E761 = {
			isa = PBXGroup;
			children = (
				A50122B81D0FDFC10012E761 /* LocalizationParser */,
				A50122B71D0FDFC10012E761 /* Products */,
			);
			sourceTree = "<group>";
		};
		A50122B71D0FDFC10012E761 /* Products */ = {
			isa = PBXGroup;
			children = (
				A50122B61D0FDFC10012E761 /* LocalizationParser */,
			);
			name = Products;
			sourceTree = "<group>";
		};
		A50122B81D0FDFC10012E761 /* LocalizationParser */ = {
			isa = PBXGroup;
			children = (
				A50122DB1D0FEEBD0012E761 /* strings.json */,
				A50122D51D0FEE1B0012E761 /* scene_names.txt */,
				A50122B91D0FDFC10012E761 /* main.m */,
				A50122C01D0FDFD80012E761 /* Parser.h */,
				A50122C11D0FDFD80012E761 /* Parser.m */,
				A50122E01D0FF0FE0012E761 /* string.json */,
			);
			path = LocalizationParser;
			sourceTree = "<group>";
		};
/* End PBXGroup section */

/* Begin PBXNativeTarget section */
		A50122B51D0FDFC10012E761 /* LocalizationParser */ = {
			isa = PBXNativeTarget;
			buildConfigurationList = A50122BD1D0FDFC10012E761 /* Build configuration list for PBXNativeTarget "LocalizationParser" */;
			buildPhases = (
				A50122B21D0FDFC10012E761 /* Sources */,
				A50122B31D0FDFC10012E761 /* Frameworks */,
				A50122B41D0FDFC10012E761 /* CopyFiles */,
				A50122CD1D0FECE70012E761 /* Resources */,
			);
			buildRules = (
			);
			dependencies = (
			);
			name = LocalizationParser;
			productName = LocalizationParser;
			productReference = A50122B61D0FDFC10012E761 /* LocalizationParser */;
			productType = "com.apple.product-type.tool";
		};
/* End PBXNativeTarget section */

/* Begin PBXProject section */
		A50122AE1D0FDFC10012E761 /* Project object */ = {
			isa = PBXProject;
			attributes = {
				LastUpgradeCheck = 0730;
				ORGANIZATIONNAME = Masood;
				TargetAttributes = {
					A50122B51D0FDFC10012E761 = {
						CreatedOnToolsVersion = 7.3;
					};
				};
			};
			buildConfigurationList = A50122B11D0FDFC10012E761 /* Build configuration list for PBXProject "LocalizationParser" */;
			compatibilityVersion = "Xcode 3.2";
			developmentRegion = English;
			hasScannedForEncodings = 0;
			knownRegions = (
				en,
			);
			mainGroup = A50122AD1D0FDFC10012E761;
			productRefGroup = A50122B71D0FDFC10012E761 /* Products */;
			projectDirPath = "";
			projectRoot = "";
			targets = (
				A50122B51D0FDFC10012E761 /* LocalizationParser */,
			);
		};
/* End PBXProject section */

/* Begin PBXResourcesBuildPhase section */
		A50122CD1D0FECE70012E761 /* Resources */ = {
			isa = PBXResourcesBuildPhase;
			buildActionMask = 2147483647;
			files = (
				A50122E21D0FF10D0012E761 /* string.json in Resources */,
				A50122DF1D0FF08C0012E761 /* scene_names.txt in Resources */,
				A50122DE1D0FF0890012E761 /* strings.json in Resources */,
			);
			runOnlyForDeploymentPostprocessing = 0;
		};
/* End PBXResourcesBuildPhase section */

/* Begin PBXSourcesBuildPhase section */
		A50122B21D0FDFC10012E761 /* Sources */ = {
			isa = PBXSourcesBuildPhase;
			buildActionMask = 2147483647;
			files = (
				A50122C21D0FDFD80012E761 /* Parser.m in Sources */,
				A50122BA1D0FDFC10012E761 /* main.m in Sources */,
			);
			runOnlyForDeploymentPostprocessing = 0;
		};
/* End PBXSourcesBuildPhase section */

/* Begin XCBuildConfiguration section */
		A50122BB1D0FDFC10012E761 /* Debug */ = {
			isa = XCBuildConfiguration;
			buildSettings = {
				ALWAYS_SEARCH_USER_PATHS = NO;
				CLANG_ANALYZER_NONNULL = YES;
				CLANG_CXX_LANGUAGE_STANDARD = "gnu++0x";
				CLANG_CXX_LIBRARY = "libc++";
				CLANG_ENABLE_MODULES = YES;
				CLANG_ENABLE_OBJC_ARC = YES;
				CLANG_WARN_BOOL_CONVERSION = YES;
				CLANG_WARN_CONSTANT_CONVERSION = YES;
				CLANG_WARN_DIRECT_OBJC_ISA_USAGE = YES_ERROR;
				CLANG_WARN_EMPTY_BODY = YES;
				CLANG_WARN_ENUM_CONVERSION = YES;
				CLANG_WARN_INT_CONVERSION = YES;
				CLANG_WARN_OBJC_ROOT_CLASS = YES_ERROR;
				CLANG_WARN_UNREACHABLE_CODE = YES;
				CLANG_WARN__DUPLICATE_METHOD_MATCH = YES;
				CODE_SIGN_IDENTITY = "-";
				COPY_PHASE_STRIP = NO;
				DEBUG_INFORMATION_FORMAT = dwarf;
				ENABLE_STRICT_OBJC_MSGSEND = YES;
				ENABLE_TESTABILITY = YES;
				GCC_C_LANGUAGE_STANDARD = gnu99;
				GCC_DYNAMIC_NO_PIC = NO;
				GCC_NO_COMMON_BLOCKS = YES;
				GCC_OPTIMIZATION_LEVEL = 0;
				GCC_PREPROCESSOR_DEFINITIONS = (
					"DEBUG=1",
					"$(inherited)",
				);
				GCC_WARN_64_TO_32_BIT_CONVERSION = YES;
				GCC_WARN_ABOUT_RETURN_TYPE = YES_ERROR;
				GCC_WARN_UNDECLARED_SELECTOR = YES;
				GCC_WARN_UNINITIALIZED_AUTOS = YES_AGGRESSIVE;
				GCC_WARN_UNUSED_FUNCTION = YES;
				GCC_WARN_UNUSED_VARIABLE = YES;
				MACOSX_DEPLOYMENT_TARGET = 10.11;
				MTL_ENABLE_DEBUG_INFO = YES;
				ONLY_ACTIVE_ARCH = YES;
				SDKROOT = macosx;
			};
			name = Debug;
		};
		A50122BC1D0FDFC10012E761 /* Release */ = {
			isa = XCBuildConfiguration;
			buildSettings = {
				ALWAYS_SEARCH_USER_PATHS = NO;
				CLANG_ANALYZER_NONNULL = YES;
				CLANG_CXX_LANGUAGE_STANDARD = "gnu++0x";
				CLANG_CXX_LIBRARY = "libc++";
				CLANG_ENABLE_MODULES = YES;
				CLANG_ENABLE_OBJC_ARC = YES;
				CLANG_WARN_BOOL_CONVERSION = YES;
				CLANG_WARN_CONSTANT_CONVERSION = YES;
				CLANG_WARN_DIRECT_OBJC_ISA_USAGE = YES_ERROR;
				CLANG_WARN_EMPTY_BODY = YES;
				CLANG_WARN_ENUM_CONVERSION = YES;
				CLANG_WARN_INT_CONVERSION = YES;
				CLANG_WARN_OBJC_ROOT_CLASS = YES_ERROR;
				CLANG_WARN_UNREACHABLE_CODE = YES;
				CLANG_WARN__DUPLICATE_METHOD_MATCH = YES;
				CODE_SIGN_IDENTITY = "-";
				COPY_PHASE_STRIP = NO;
				DEBUG_INFORMATION_FORMAT = "dwarf-with-dsym";
				ENABLE_NS_ASSERTIONS = NO;
				ENABLE_STRICT_OBJC_MSGSEND = YES;
				GCC_C_LANGUAGE_STANDARD = gnu99;
				GCC_NO_COMMON_BLOCKS = YES;
				GCC_WARN_64_TO_32_BIT_CONVERSION = YES;
				GCC_WARN_ABOUT_RETURN_TYPE = YES_ERROR;
				GCC_WARN_UNDECLARED_SELECTOR = YES;
				GCC_WARN_UNINITIALIZED_AUTOS = YES_AGGRESSIVE;
				GCC_WARN_UNUSED_FUNCTION = YES;
				GCC_WARN_UNUSED_VARIABLE = YES;
				MACOSX_DEPLOYMENT_TARGET = 10.11;
				MTL_ENABLE_DEBUG_INFO = NO;
				SDKROOT = macosx;
			};
			name = Release;
		};
		A50122BE1D0FDFC10012E761 /* Debug */ = {
			isa = XCBuildConfiguration;
			buildSettings = {
				PRODUCT_NAME = "$(TARGET_NAME)";
			};
			name = Debug;
		};
		A50122BF1D0FDFC10012E761 /* Release */ = {
			isa = XCBuildConfiguration;
			buildSettings = {
				PRODUCT_NAME = "$(TARGET_NAME)";
			};
			name = Release;
		};
/* End XCBuildConfiguration section */

/* Begin XCConfigurationList section */
		A50122B11D0FDFC10012E761 /* Build configuration list for PBXProject "LocalizationParser" */ = {
			isa = XCConfigurationList;
			buildConfigurations = (
				A50122BB1D0FDFC10012E761 /* Debug */,
				A50122BC1D0FDFC10012E761 /* Release */,
			);
			defaultConfigurationIsVisible = 0;
			defaultConfigurationName = Release;
		};
		A50122BD1D0FDFC10012E761 /* Build configuration list for PBXNativeTarget "LocalizationParser" */ = {
			isa = XCConfigurationList;
			buildConfigurations = (
				A50122BE1D0FDFC10012E761 /* Debug */,
				A50122BF1D0FDFC10012E761 /* Release */,
			);
			defaultConfigurationIsVisible = 0;
		};
/* End XCConfigurationList section */
	};
	rootObject = A50122AE1D0FDFC10012E761 /* Project object */;
}
